<?xml version="1.0" encoding="utf-8"?>
<Project ToolsVersion="4.0" xmlns="http://schemas.microsoft.com/developer/msbuild/2003">
  <ItemGroup>
    <Filter Include="ArduPlane">
      <UniqueIdentifier>{2969237f-73e4-4770-b894-58318fc90d32}</UniqueIdentifier>
    </Filter>
  </ItemGroup>
  <ItemGroup>
    <ClCompile Include="ArduPlane\afs_plane.cpp">
      <Filter>ArduPlane</Filter>
    </ClCompile>
    <ClCompile Include="ArduPlane\altitude.cpp">
      <Filter>ArduPlane</Filter>
    </ClCompile>
    <ClCompile Include="ArduPlane\AP_Arming.cpp">
      <Filter>ArduPlane</Filter>
    </ClCompile>
    <ClCompile Include="ArduPlane\ArduPlane.cpp">
      <Filter>ArduPlane</Filter>
    </ClCompile>
    <ClCompile Include="ArduPlane\Attitude.cpp">
      <Filter>ArduPlane</Filter>
    </ClCompile>
    <ClCompile Include="ArduPlane\avoidance_adsb.cpp">
      <Filter>ArduPlane</Filter>
    </ClCompile>
    <ClCompile Include="ArduPlane\capabilities.cpp">
      <Filter>ArduPlane</Filter>
    </ClCompile>
    <ClCompile Include="ArduPlane\commands.cpp">
      <Filter>ArduPlane</Filter>
    </ClCompile>
    <ClCompile Include="ArduPlane\commands_logic.cpp">
      <Filter>ArduPlane</Filter>
    </ClCompile>
    <ClCompile Include="ArduPlane\control_modes.cpp">
      <Filter>ArduPlane</Filter>
    </ClCompile>
    <ClCompile Include="ArduPlane\events.cpp">
      <Filter>ArduPlane</Filter>
    </ClCompile>
    <ClCompile Include="ArduPlane\failsafe.cpp">
      <Filter>ArduPlane</Filter>
    </ClCompile>
    <ClCompile Include="ArduPlane\GCS_Mavlink.cpp">
      <Filter>ArduPlane</Filter>
    </ClCompile>
    <ClCompile Include="ArduPlane\GCS_Plane.cpp">
      <Filter>ArduPlane</Filter>
    </ClCompile>
    <ClCompile Include="ArduPlane\geofence.cpp">
      <Filter>ArduPlane</Filter>
    </ClCompile>
    <ClCompile Include="ArduPlane\is_flying.cpp">
      <Filter>ArduPlane</Filter>
    </ClCompile>
    <ClCompile Include="ArduPlane\Log.cpp">
      <Filter>ArduPlane</Filter>
    </ClCompile>
    <ClCompile Include="ArduPlane\motor_test.cpp">
      <Filter>ArduPlane</Filter>
    </ClCompile>
    <ClCompile Include="ArduPlane\navigation.cpp">
      <Filter>ArduPlane</Filter>
    </ClCompile>
    <ClCompile Include="ArduPlane\parachute.cpp">
      <Filter>ArduPlane</Filter>
    </ClCompile>
    <ClCompile Include="ArduPlane\Parameters.cpp">
      <Filter>ArduPlane</Filter>
    </ClCompile>
    <ClCompile Include="ArduPlane\Plane.cpp">
      <Filter>ArduPlane</Filter>
    </ClCompile>
    <ClCompile Include="ArduPlane\px4_mixer.cpp">
      <Filter>ArduPlane</Filter>
    </ClCompile>
    <ClCompile Include="ArduPlane\quadplane.cpp">
      <Filter>ArduPlane</Filter>
    </ClCompile>
    <ClCompile Include="ArduPlane\radio.cpp">
      <Filter>ArduPlane</Filter>
    </ClCompile>
    <ClCompile Include="ArduPlane\sensors.cpp">
      <Filter>ArduPlane</Filter>
    </ClCompile>
    <ClCompile Include="ArduPlane\servos.cpp">
      <Filter>ArduPlane</Filter>
    </ClCompile>
    <ClCompile Include="ArduPlane\setup.cpp">
      <Filter>ArduPlane</Filter>
    </ClCompile>
    <ClCompile Include="ArduPlane\soaring.cpp">
      <Filter>ArduPlane</Filter>
    </ClCompile>
    <ClCompile Include="ArduPlane\system.cpp">
      <Filter>ArduPlane</Filter>
    </ClCompile>
    <ClCompile Include="ArduPlane\tailsitter.cpp">
      <Filter>ArduPlane</Filter>
    </ClCompile>
    <ClCompile Include="ArduPlane\takeoff.cpp">
      <Filter>ArduPlane</Filter>
    </ClCompile>
    <ClCompile Include="ArduPlane\test.cpp">
      <Filter>ArduPlane</Filter>
    </ClCompile>
    <ClCompile Include="ArduPlane\tiltrotor.cpp">
      <Filter>ArduPlane</Filter>
    </ClCompile>
    <ClCompile Include="ArduPlane\tuning.cpp">
      <Filter>ArduPlane</Filter>
    </ClCompile>
  </ItemGroup>
  <ItemGroup>
    <ClInclude Include="ArduPlane\AP_Arming.h">
      <Filter>ArduPlane</Filter>
    </ClInclude>
    <ClInclude Include="ArduPlane\APM_Config.h">
      <Filter>ArduPlane</Filter>
    </ClInclude>
    <ClInclude Include="ArduPlane\avoidance_adsb.h">
      <Filter>ArduPlane</Filter>
    </ClInclude>
    <ClInclude Include="ArduPlane\config.h">
      <Filter>ArduPlane</Filter>
    </ClInclude>
    <ClInclude Include="ArduPlane\defines.h">
      <Filter>ArduPlane</Filter>
    </ClInclude>
    <ClInclude Include="ArduPlane\GCS_Mavlink.h">
      <Filter>ArduPlane</Filter>
    </ClInclude>
    <ClInclude Include="ArduPlane\GCS_Plane.h">
      <Filter>ArduPlane</Filter>
    </ClInclude>
    <ClInclude Include="ArduPlane\Parameters.h">
      <Filter>ArduPlane</Filter>
    </ClInclude>
    <ClInclude Include="ArduPlane\Plane.h">
      <Filter>ArduPlane</Filter>
    </ClInclude>
    <ClInclude Include="ArduPlane\quadplane.h">
      <Filter>ArduPlane</Filter>
    </ClInclude>
    <ClInclude Include="ArduPlane\tuning.h">
      <Filter>ArduPlane</Filter>
    </ClInclude>
    <ClInclude Include="ArduPlane\version.h">
      <Filter>ArduPlane</Filter>
    </ClInclude>
  </ItemGroup>
  <ItemGroup>
    <None Include="ArduPlane\APM_Config.h.reference">
      <Filter>ArduPlane</Filter>
    </None>
    <None Include="ArduPlane\createTags">
      <Filter>ArduPlane</Filter>
    </None>
    <None Include="ArduPlane\make.inc">
      <Filter>ArduPlane</Filter>
    </None>
    <None Include="ArduPlane\Makefile">
      <Filter>ArduPlane</Filter>
    </None>
    <None Include="ArduPlane\Makefile.waf">
      <Filter>ArduPlane</Filter>
    </None>
    <None Include="ArduPlane\Parameters.pde">
      <Filter>ArduPlane</Filter>
    </None>
    <None Include="ArduPlane\wscript">
      <Filter>ArduPlane</Filter>
    </None>
  </ItemGroup>
  <ItemGroup>
    <Text Include="ArduPlane\release-notes.txt">
      <Filter>ArduPlane</Filter>
    </Text>
  </ItemGroup>
  <ItemGroup>
    <Xml Include="..\..\Users\Zach\Documents\AA 441 Wing Leveler\ParameterMetaDataBackup.xml">
      <Filter>ArduPlane</Filter>
    </Xml>
  </ItemGroup>
</Project>